schema: '2.0'
stages:
  ingest:
    cmd: valchamps ingest --events-file configs/events.yaml
    deps:
    - path: configs/events.yaml
      hash: md5
      md5: 7eb943176042170bc3f73daecee4604b
      size: 4263
    - path: src/valchamps/data
      hash: md5
      md5: dc95908dd378525eb4a4716d178aba8f.dir
      size: 106581
      nfiles: 12
    outs:
    - path: data/raw/vlr
      hash: md5
      md5: cb57adc04f7f27e4e2c99b90f3cb0b93.dir
      size: 469211583
      nfiles: 1222
    - path: data/valchamps.db
      hash: md5
      md5: fc45a3404e3fbca1087817984e004624
      size: 4997120
  features:
    cmd: valchamps build-features
    deps:
    - path: data/valchamps.db
      hash: md5
      md5: fc45a3404e3fbca1087817984e004624
      size: 4997120
    - path: src/valchamps/features
      hash: md5
      md5: 5b7cef29534da7bb2d780f927536f1c2.dir
      size: 89315
      nfiles: 18
    params:
      params.yaml:
        features:
          elo:
            init: 1500
            scale: 400
            k: 32
            map_k: 16
            region_k: 16
            season_carryover: 0.75
          form_window: 5
          map_prior: 5
          h2h_prior: 3
          intl_prior: 5
          player_window: 10
    outs:
    - path: data/features/maps.parquet
      hash: md5
      md5: 82473ab8dac6641c75429879c31f673d
      size: 712112
  train:
    cmd: valchamps train --model nn
    deps:
    - path: data/features/maps.parquet
      hash: md5
      md5: 82473ab8dac6641c75429879c31f673d
      size: 712112
    - path: src/valchamps/models
      hash: md5
      md5: f630907904b13a08f4b09f0599187c9e.dir
      size: 87137
      nfiles: 20
    params:
      params.yaml:
        models:
          backtest:
            first_test_date: '2025-06-01'
            holdout_events:
            - 2765
            - 2976
            - 2977
            - 2978
            - 2776
          val_fraction: 0.15
          seed: 0
          linear:
            C: 0.1
          gbm:
            early_stopping_rounds: 50
            calibration: none
            params:
              n_estimators: 1000
              learning_rate: 0.03
              num_leaves: 15
              max_depth: 4
              min_child_samples: 40
              subsample: 0.8
              subsample_freq: 1
              colsample_bytree: 0.8
              reg_lambda: 1.0
          nn:
            params:
              hidden: 32
              map_embedding: 4
              dropout: 0.1
              lr: 0.003
              weight_decay: 0.001
              epochs: 300
              patience: 20
              batch_size: 256
    outs:
    - path: metrics.json
      hash: md5
      md5: 256048f266557ad1d96e89e4c42c2760
      size: 626
    - path: models/map_model.pkl
      hash: md5
      md5: 504e1169ed710d00a109a855e99ccaf3
      size: 21093
